
Microsoft Visual Studio Solution File, Format Version 12.00
# Visual Studio 14
VisualStudioVersion = 14.0.25420.1
MinimumVisualStudioVersion = 10.0.40219.1
Project("{8BC9CEB8-8B4A-11D0-8D11-00A0C91BC942}") = "6-21", "6-21\6-21.vcxproj", "{E1201A7D-9893-4EBB-AEDE-800EADCB9392}"
EndProject
Project("{8BC9CEB8-8B4A-11D0-8D11-00A0C91BC942}") = "6-22", "6-22\6-22.vcxproj", "{64FF5D39-BBAA-4758-A58A-D8B54341C5EA}"
EndProject
Project("{8BC9CEB8-8B4A-11D0-8D11-00A0C91BC942}") = "6-24", "6-24\6-24.vcxproj", "{216D0225-DA26-491B-A585-F9A43E14F4DD}"
EndProject
Global
	GlobalSection(SolutionConfigurationPlatforms) = preSolution
		Debug|x64 = Debug|x64
		Debug|x86 = Debug|x86
		Release|x64 = Release|x64
		Release|x86 = Release|x86
	EndGlobalSection
	GlobalSection(ProjectConfigurationPlatforms) = postSolution
		{E1201A7D-9893-4EBB-AEDE-800EADCB9392}.Debug|x64.ActiveCfg = Debug|x64
		{E1201A7D-9893-4EBB-AEDE-800EADCB9392}.Debug|x64.Build.0 = Debug|x64
		{E1201A7D-9893-4EBB-AEDE-800EADCB9392}.Debug|x86.ActiveCfg = Debug|Win32
		{E1201A7D-9893-4EBB-AEDE-800EADCB9392}.Debug|x86.Build.0 = Debug|Win32
		{E1201A7D-9893-4EBB-AEDE-800EADCB9392}.Release|x64.ActiveCfg = Release|x64
		{E1201A7D-9893-4EBB-AEDE-800EADCB9392}.Release|x64.Build.0 = Release|x64
		{E1201A7D-9893-4EBB-AEDE-800EADCB9392}.Release|x86.ActiveCfg = Release|Win32
		{E1201A7D-9893-4EBB-AEDE-800EADCB9392}.Release|x86.Build.0 = Release|Win32
		{64FF5D39-BBAA-4758-A58A-D8B54341C5EA}.Debug|x64.ActiveCfg = Debug|x64
		{64FF5D39-BBAA-4758-A58A-D8B54341C5EA}.Debug|x64.Build.0 = Debug|x64
		{64FF5D39-BBAA-4758-A58A-D8B54341C5EA}.Debug|x86.ActiveCfg = Debug|Win32
		{64FF5D39-BBAA-4758-A58A-D8B54341C5EA}.Debug|x86.Build.0 = Debug|Win32
		{64FF5D39-BBAA-4758-A58A-D8B54341C5EA}.Release|x64.ActiveCfg = Release|x64
		{64FF5D39-BBAA-4758-A58A-D8B54341C5EA}.Release|x64.Build.0 = Release|x64
		{64FF5D39-BBAA-4758-A58A-D8B54341C5EA}.Release|x86.ActiveCfg = Release|Win32
		{64FF5D39-BBAA-4758-A58A-D8B54341C5EA}.Release|x86.Build.0 = Release|Win32
		{216D0225-DA26-491B-A585-F9A43E14F4DD}.Debug|x64.ActiveCfg = Debug|x64
		{216D0225-DA26-491B-A585-F9A43E14F4DD}.Debug|x64.Build.0 = Debug|x64
		{216D0225-DA26-491B-A585-F9A43E14F4DD}.Debug|x86.ActiveCfg = Debug|Win32
		{216D0225-DA26-491B-A585-F9A43E14F4DD}.Debug|x86.Build.0 = Debug|Win32
		{216D0225-DA26-491B-A585-F9A43E14F4DD}.Release|x64.ActiveCfg = Release|x64
		{216D0225-DA26-491B-A585-F9A43E14F4DD}.Release|x64.Build.0 = Release|x64
		{216D0225-DA26-491B-A585-F9A43E14F4DD}.Release|x86.ActiveCfg = Release|Win32
		{216D0225-DA26-491B-A585-F9A43E14F4DD}.Release|x86.Build.0 = Release|Win32
	EndGlobalSection
	GlobalSection(SolutionProperties) = preSolution
		HideSolutionNode = FALSE
	EndGlobalSection
EndGlobal
