
Microsoft Visual Studio Solution File, Format Version 12.00
# Visual Studio 14
VisualStudioVersion = 14.0.25420.1
MinimumVisualStudioVersion = 10.0.40219.1
Project("{8BC9CEB8-8B4A-11D0-8D11-00A0C91BC942}") = "4-9", "4-9\4-9.vcxproj", "{71F0BD77-7471-4A44-B443-B7EAA11601D7}"
EndProject
Project("{8BC9CEB8-8B4A-11D0-8D11-00A0C91BC942}") = "4-11", "..\4-11\4-11.vcxproj", "{5FFDB919-7278-4C8A-8D7B-5687C8970657}"
EndProject
Project("{8BC9CEB8-8B4A-11D0-8D11-00A0C91BC942}") = "4-13", "..\4-13\4-13.vcxproj", "{EBDA9EAF-20E4-48EF-83C4-320904C524A0}"
EndProject
Project("{8BC9CEB8-8B4A-11D0-8D11-00A0C91BC942}") = "4-14", "..\4-14\4-14.vcxproj", "{D6CED683-EA9A-4102-BD4A-9A7498974F07}"
EndProject
Global
	GlobalSection(SolutionConfigurationPlatforms) = preSolution
		Debug|x64 = Debug|x64
		Debug|x86 = Debug|x86
		Release|x64 = Release|x64
		Release|x86 = Release|x86
	EndGlobalSection
	GlobalSection(ProjectConfigurationPlatforms) = postSolution
		{71F0BD77-7471-4A44-B443-B7EAA11601D7}.Debug|x64.ActiveCfg = Debug|x64
		{71F0BD77-7471-4A44-B443-B7EAA11601D7}.Debug|x64.Build.0 = Debug|x64
		{71F0BD77-7471-4A44-B443-B7EAA11601D7}.Debug|x86.ActiveCfg = Debug|Win32
		{71F0BD77-7471-4A44-B443-B7EAA11601D7}.Debug|x86.Build.0 = Debug|Win32
		{71F0BD77-7471-4A44-B443-B7EAA11601D7}.Release|x64.ActiveCfg = Release|x64
		{71F0BD77-7471-4A44-B443-B7EAA11601D7}.Release|x64.Build.0 = Release|x64
		{71F0BD77-7471-4A44-B443-B7EAA11601D7}.Release|x86.ActiveCfg = Release|Win32
		{71F0BD77-7471-4A44-B443-B7EAA11601D7}.Release|x86.Build.0 = Release|Win32
		{5FFDB919-7278-4C8A-8D7B-5687C8970657}.Debug|x64.ActiveCfg = Debug|x64
		{5FFDB919-7278-4C8A-8D7B-5687C8970657}.Debug|x64.Build.0 = Debug|x64
		{5FFDB919-7278-4C8A-8D7B-5687C8970657}.Debug|x86.ActiveCfg = Debug|Win32
		{5FFDB919-7278-4C8A-8D7B-5687C8970657}.Debug|x86.Build.0 = Debug|Win32
		{5FFDB919-7278-4C8A-8D7B-5687C8970657}.Release|x64.ActiveCfg = Release|x64
		{5FFDB919-7278-4C8A-8D7B-5687C8970657}.Release|x64.Build.0 = Release|x64
		{5FFDB919-7278-4C8A-8D7B-5687C8970657}.Release|x86.ActiveCfg = Release|Win32
		{5FFDB919-7278-4C8A-8D7B-5687C8970657}.Release|x86.Build.0 = Release|Win32
		{EBDA9EAF-20E4-48EF-83C4-320904C524A0}.Debug|x64.ActiveCfg = Debug|x64
		{EBDA9EAF-20E4-48EF-83C4-320904C524A0}.Debug|x64.Build.0 = Debug|x64
		{EBDA9EAF-20E4-48EF-83C4-320904C524A0}.Debug|x86.ActiveCfg = Debug|Win32
		{EBDA9EAF-20E4-48EF-83C4-320904C524A0}.Debug|x86.Build.0 = Debug|Win32
		{EBDA9EAF-20E4-48EF-83C4-320904C524A0}.Release|x64.ActiveCfg = Release|x64
		{EBDA9EAF-20E4-48EF-83C4-320904C524A0}.Release|x64.Build.0 = Release|x64
		{EBDA9EAF-20E4-48EF-83C4-320904C524A0}.Release|x86.ActiveCfg = Release|Win32
		{EBDA9EAF-20E4-48EF-83C4-320904C524A0}.Release|x86.Build.0 = Release|Win32
		{D6CED683-EA9A-4102-BD4A-9A7498974F07}.Debug|x64.ActiveCfg = Debug|x64
		{D6CED683-EA9A-4102-BD4A-9A7498974F07}.Debug|x64.Build.0 = Debug|x64
		{D6CED683-EA9A-4102-BD4A-9A7498974F07}.Debug|x86.ActiveCfg = Debug|Win32
		{D6CED683-EA9A-4102-BD4A-9A7498974F07}.Debug|x86.Build.0 = Debug|Win32
		{D6CED683-EA9A-4102-BD4A-9A7498974F07}.Release|x64.ActiveCfg = Release|x64
		{D6CED683-EA9A-4102-BD4A-9A7498974F07}.Release|x64.Build.0 = Release|x64
		{D6CED683-EA9A-4102-BD4A-9A7498974F07}.Release|x86.ActiveCfg = Release|Win32
		{D6CED683-EA9A-4102-BD4A-9A7498974F07}.Release|x86.Build.0 = Release|Win32
	EndGlobalSection
	GlobalSection(SolutionProperties) = preSolution
		HideSolutionNode = FALSE
	EndGlobalSection
EndGlobal
