
Microsoft Visual Studio Solution File, Format Version 12.00
# Visual Studio 14
VisualStudioVersion = 14.0.25420.1
MinimumVisualStudioVersion = 10.0.40219.1
Project("{8BC9CEB8-8B4A-11D0-8D11-00A0C91BC942}") = "2011-1", "2011-1\2011-1.vcxproj", "{F361E76E-2A7D-4E76-9D9A-CD612994EBDD}"
EndProject
Project("{8BC9CEB8-8B4A-11D0-8D11-00A0C91BC942}") = "2011-2", "2011-2\2011-2.vcxproj", "{A4165FCD-537A-4D67-8C43-413392F43686}"
EndProject
Project("{8BC9CEB8-8B4A-11D0-8D11-00A0C91BC942}") = "2011-3", "2011-3\2011-3.vcxproj", "{5F0981DA-FCF6-4041-8278-2A7CB9F6B321}"
EndProject
Project("{8BC9CEB8-8B4A-11D0-8D11-00A0C91BC942}") = "2011-4", "2011-4\2011-4.vcxproj", "{2952C31B-8C3B-48B4-A4E6-8B29C41DB8AB}"
EndProject
Project("{8BC9CEB8-8B4A-11D0-8D11-00A0C91BC942}") = "2011-5", "2011-5\2011-5.vcxproj", "{60CBF020-4C65-477A-8079-CA77DE7F0246}"
EndProject
Project("{8BC9CEB8-8B4A-11D0-8D11-00A0C91BC942}") = "2011-6", "2011-6\2011-6.vcxproj", "{57CECA29-C7C4-4F89-A256-ADA964312718}"
EndProject
Global
	GlobalSection(SolutionConfigurationPlatforms) = preSolution
		Debug|x64 = Debug|x64
		Debug|x86 = Debug|x86
		Release|x64 = Release|x64
		Release|x86 = Release|x86
	EndGlobalSection
	GlobalSection(ProjectConfigurationPlatforms) = postSolution
		{F361E76E-2A7D-4E76-9D9A-CD612994EBDD}.Debug|x64.ActiveCfg = Debug|x64
		{F361E76E-2A7D-4E76-9D9A-CD612994EBDD}.Debug|x64.Build.0 = Debug|x64
		{F361E76E-2A7D-4E76-9D9A-CD612994EBDD}.Debug|x86.ActiveCfg = Debug|Win32
		{F361E76E-2A7D-4E76-9D9A-CD612994EBDD}.Debug|x86.Build.0 = Debug|Win32
		{F361E76E-2A7D-4E76-9D9A-CD612994EBDD}.Release|x64.ActiveCfg = Release|x64
		{F361E76E-2A7D-4E76-9D9A-CD612994EBDD}.Release|x64.Build.0 = Release|x64
		{F361E76E-2A7D-4E76-9D9A-CD612994EBDD}.Release|x86.ActiveCfg = Release|Win32
		{F361E76E-2A7D-4E76-9D9A-CD612994EBDD}.Release|x86.Build.0 = Release|Win32
		{A4165FCD-537A-4D67-8C43-413392F43686}.Debug|x64.ActiveCfg = Debug|x64
		{A4165FCD-537A-4D67-8C43-413392F43686}.Debug|x64.Build.0 = Debug|x64
		{A4165FCD-537A-4D67-8C43-413392F43686}.Debug|x86.ActiveCfg = Debug|Win32
		{A4165FCD-537A-4D67-8C43-413392F43686}.Debug|x86.Build.0 = Debug|Win32
		{A4165FCD-537A-4D67-8C43-413392F43686}.Release|x64.ActiveCfg = Release|x64
		{A4165FCD-537A-4D67-8C43-413392F43686}.Release|x64.Build.0 = Release|x64
		{A4165FCD-537A-4D67-8C43-413392F43686}.Release|x86.ActiveCfg = Release|Win32
		{A4165FCD-537A-4D67-8C43-413392F43686}.Release|x86.Build.0 = Release|Win32
		{5F0981DA-FCF6-4041-8278-2A7CB9F6B321}.Debug|x64.ActiveCfg = Debug|x64
		{5F0981DA-FCF6-4041-8278-2A7CB9F6B321}.Debug|x64.Build.0 = Debug|x64
		{5F0981DA-FCF6-4041-8278-2A7CB9F6B321}.Debug|x86.ActiveCfg = Debug|Win32
		{5F0981DA-FCF6-4041-8278-2A7CB9F6B321}.Debug|x86.Build.0 = Debug|Win32
		{5F0981DA-FCF6-4041-8278-2A7CB9F6B321}.Release|x64.ActiveCfg = Release|x64
		{5F0981DA-FCF6-4041-8278-2A7CB9F6B321}.Release|x64.Build.0 = Release|x64
		{5F0981DA-FCF6-4041-8278-2A7CB9F6B321}.Release|x86.ActiveCfg = Release|Win32
		{5F0981DA-FCF6-4041-8278-2A7CB9F6B321}.Release|x86.Build.0 = Release|Win32
		{2952C31B-8C3B-48B4-A4E6-8B29C41DB8AB}.Debug|x64.ActiveCfg = Debug|x64
		{2952C31B-8C3B-48B4-A4E6-8B29C41DB8AB}.Debug|x64.Build.0 = Debug|x64
		{2952C31B-8C3B-48B4-A4E6-8B29C41DB8AB}.Debug|x86.ActiveCfg = Debug|Win32
		{2952C31B-8C3B-48B4-A4E6-8B29C41DB8AB}.Debug|x86.Build.0 = Debug|Win32
		{2952C31B-8C3B-48B4-A4E6-8B29C41DB8AB}.Release|x64.ActiveCfg = Release|x64
		{2952C31B-8C3B-48B4-A4E6-8B29C41DB8AB}.Release|x64.Build.0 = Release|x64
		{2952C31B-8C3B-48B4-A4E6-8B29C41DB8AB}.Release|x86.ActiveCfg = Release|Win32
		{2952C31B-8C3B-48B4-A4E6-8B29C41DB8AB}.Release|x86.Build.0 = Release|Win32
		{60CBF020-4C65-477A-8079-CA77DE7F0246}.Debug|x64.ActiveCfg = Debug|x64
		{60CBF020-4C65-477A-8079-CA77DE7F0246}.Debug|x64.Build.0 = Debug|x64
		{60CBF020-4C65-477A-8079-CA77DE7F0246}.Debug|x86.ActiveCfg = Debug|Win32
		{60CBF020-4C65-477A-8079-CA77DE7F0246}.Debug|x86.Build.0 = Debug|Win32
		{60CBF020-4C65-477A-8079-CA77DE7F0246}.Release|x64.ActiveCfg = Release|x64
		{60CBF020-4C65-477A-8079-CA77DE7F0246}.Release|x64.Build.0 = Release|x64
		{60CBF020-4C65-477A-8079-CA77DE7F0246}.Release|x86.ActiveCfg = Release|Win32
		{60CBF020-4C65-477A-8079-CA77DE7F0246}.Release|x86.Build.0 = Release|Win32
		{57CECA29-C7C4-4F89-A256-ADA964312718}.Debug|x64.ActiveCfg = Debug|x64
		{57CECA29-C7C4-4F89-A256-ADA964312718}.Debug|x64.Build.0 = Debug|x64
		{57CECA29-C7C4-4F89-A256-ADA964312718}.Debug|x86.ActiveCfg = Debug|Win32
		{57CECA29-C7C4-4F89-A256-ADA964312718}.Debug|x86.Build.0 = Debug|Win32
		{57CECA29-C7C4-4F89-A256-ADA964312718}.Release|x64.ActiveCfg = Release|x64
		{57CECA29-C7C4-4F89-A256-ADA964312718}.Release|x64.Build.0 = Release|x64
		{57CECA29-C7C4-4F89-A256-ADA964312718}.Release|x86.ActiveCfg = Release|Win32
		{57CECA29-C7C4-4F89-A256-ADA964312718}.Release|x86.Build.0 = Release|Win32
	EndGlobalSection
	GlobalSection(SolutionProperties) = preSolution
		HideSolutionNode = FALSE
	EndGlobalSection
EndGlobal
